# THIS IS AN AUTOGENERATED FILE. DO NOT EDIT THIS FILE DIRECTLY.
# yarn lockfile v1


canvaskit-wasm@^0.19.0:
  version "0.19.0"
  resolved "https://registry.yarnpkg.com/canvaskit-wasm/-/canvaskit-wasm-0.19.0.tgz#125fddee03d31eb1bd06635b7e971ac4eee4ec19"
  integrity sha512-Qx9XHrhFrcGHCL2tmDW5liHhJI+hQarON9RprfY5ht2LqRyZ1AiTxL9KQiBGrCM99TYL0B60IhgFIF1Zfrg/ZQ==
